
Microsoft Visual Studio Solution File, Format Version 12.00
# Visual Studio 14
VisualStudioVersion = 14.0.25420.1
MinimumVisualStudioVersion = 10.0.40219.1
Project("{FAE04EC0-301F-11D3-BF4B-00C04F79EFBC}") = "imow.Framework", "imow.Framework\imow.Framework.csproj", "{21B1271F-302C-414C-B6A5-9DA703CEB32E}"
EndProject
Project("{FAE04EC0-301F-11D3-BF4B-00C04F79EFBC}") = "imow.Core", "imow.core\imow.Core.csproj", "{9920C500-1C59-4754-8CA6-FBF307F66DEE}"
EndProject
Project("{FAE04EC0-301F-11D3-BF4B-00C04F79EFBC}") = "imow.Services", "imow.Services\imow.Services.csproj", "{3C7BE79C-E54C-4540-9599-BC3FB09C2B57}"
EndProject
Project("{FAE04EC0-301F-11D3-BF4B-00C04F79EFBC}") = "imow.Framework.Strategy", "imow.Framework.Strategy\imow.Framework.Strategy.csproj", "{22BA9A97-2450-4B99-8C33-BB872F91E35A}"
EndProject
Project("{FAE04EC0-301F-11D3-BF4B-00C04F79EFBC}") = "imow.Model", "imow.Model\imow.Model.csproj", "{6B30CEAC-9315-40BB-A495-521FD82B5E9C}"
EndProject
Project("{FAE04EC0-301F-11D3-BF4B-00C04F79EFBC}") = "imow.Repository", "imow.Repository\imow.Repository.csproj", "{79989065-6C16-4860-A5E2-FA48AE2EFE06}"
EndProject
Project("{FAE04EC0-301F-11D3-BF4B-00C04F79EFBC}") = "imow.IRepository", "imow.IRepository\imow.IRepository.csproj", "{265490A5-F0D4-44C0-946E-C217AE6EA346}"
EndProject
Project("{FAE04EC0-301F-11D3-BF4B-00C04F79EFBC}") = "imow.Framework.Interface", "imow.Framework.Interface\imow.Framework.Interface.csproj", "{CD246173-C793-48D9-A345-05AA5D5B3C11}"
EndProject
Project("{FAE04EC0-301F-11D3-BF4B-00C04F79EFBC}") = "imow.Core.Job", "imow.Core.Job\imow.Core.Job.csproj", "{6F75187C-FDFC-4EE1-AE8B-6901EBA5879C}"
EndProject
Project("{2150E333-8FDC-42A3-9474-1A3956D46DE8}") = "Framework", "Framework", "{A0330BCE-E116-47E5-A20B-703C5B420B9A}"
EndProject
Project("{2150E333-8FDC-42A3-9474-1A3956D46DE8}") = "Core", "Core", "{EA274D65-206D-4189-B447-EF22FD67CBFF}"
EndProject
Project("{2150E333-8FDC-42A3-9474-1A3956D46DE8}") = "Repository", "Repository", "{DE23A944-29A8-4A4A-B9EE-7D01F871764D}"
EndProject
Project("{2150E333-8FDC-42A3-9474-1A3956D46DE8}") = "Model", "Model", "{0710E1CA-E39A-40EB-BD42-C8C42745C88E}"
EndProject
Project("{2150E333-8FDC-42A3-9474-1A3956D46DE8}") = "Services", "Services", "{6B087413-8CE9-4784-A729-F0843763CE30}"
EndProject
Project("{2150E333-8FDC-42A3-9474-1A3956D46DE8}") = "测试", "测试", "{D52EF03C-95AB-4778-AEE6-E027EBBFA765}"
EndProject
Project("{FAE04EC0-301F-11D3-BF4B-00C04F79EFBC}") = "imow.AdminEtl", "imow.AdminEtl\imow.AdminEtl.csproj", "{A5859E0E-3C08-4045-B8DC-B3FB13655B00}"
EndProject
Global
	GlobalSection(SolutionConfigurationPlatforms) = preSolution
		Debug|Any CPU = Debug|Any CPU
		Release|Any CPU = Release|Any CPU
	EndGlobalSection
	GlobalSection(ProjectConfigurationPlatforms) = postSolution
		{21B1271F-302C-414C-B6A5-9DA703CEB32E}.Debug|Any CPU.ActiveCfg = Debug|Any CPU
		{21B1271F-302C-414C-B6A5-9DA703CEB32E}.Debug|Any CPU.Build.0 = Debug|Any CPU
		{21B1271F-302C-414C-B6A5-9DA703CEB32E}.Release|Any CPU.ActiveCfg = Release|Any CPU
		{21B1271F-302C-414C-B6A5-9DA703CEB32E}.Release|Any CPU.Build.0 = Release|Any CPU
		{9920C500-1C59-4754-8CA6-FBF307F66DEE}.Debug|Any CPU.ActiveCfg = Debug|Any CPU
		{9920C500-1C59-4754-8CA6-FBF307F66DEE}.Debug|Any CPU.Build.0 = Debug|Any CPU
		{9920C500-1C59-4754-8CA6-FBF307F66DEE}.Release|Any CPU.ActiveCfg = Release|Any CPU
		{9920C500-1C59-4754-8CA6-FBF307F66DEE}.Release|Any CPU.Build.0 = Release|Any CPU
		{3C7BE79C-E54C-4540-9599-BC3FB09C2B57}.Debug|Any CPU.ActiveCfg = Debug|Any CPU
		{3C7BE79C-E54C-4540-9599-BC3FB09C2B57}.Debug|Any CPU.Build.0 = Debug|Any CPU
		{3C7BE79C-E54C-4540-9599-BC3FB09C2B57}.Release|Any CPU.ActiveCfg = Release|Any CPU
		{3C7BE79C-E54C-4540-9599-BC3FB09C2B57}.Release|Any CPU.Build.0 = Release|Any CPU
		{22BA9A97-2450-4B99-8C33-BB872F91E35A}.Debug|Any CPU.ActiveCfg = Debug|Any CPU
		{22BA9A97-2450-4B99-8C33-BB872F91E35A}.Debug|Any CPU.Build.0 = Debug|Any CPU
		{22BA9A97-2450-4B99-8C33-BB872F91E35A}.Release|Any CPU.ActiveCfg = Release|Any CPU
		{22BA9A97-2450-4B99-8C33-BB872F91E35A}.Release|Any CPU.Build.0 = Release|Any CPU
		{6B30CEAC-9315-40BB-A495-521FD82B5E9C}.Debug|Any CPU.ActiveCfg = Debug|Any CPU
		{6B30CEAC-9315-40BB-A495-521FD82B5E9C}.Debug|Any CPU.Build.0 = Debug|Any CPU
		{6B30CEAC-9315-40BB-A495-521FD82B5E9C}.Release|Any CPU.ActiveCfg = Release|Any CPU
		{6B30CEAC-9315-40BB-A495-521FD82B5E9C}.Release|Any CPU.Build.0 = Release|Any CPU
		{79989065-6C16-4860-A5E2-FA48AE2EFE06}.Debug|Any CPU.ActiveCfg = Debug|Any CPU
		{79989065-6C16-4860-A5E2-FA48AE2EFE06}.Debug|Any CPU.Build.0 = Debug|Any CPU
		{79989065-6C16-4860-A5E2-FA48AE2EFE06}.Release|Any CPU.ActiveCfg = Release|Any CPU
		{79989065-6C16-4860-A5E2-FA48AE2EFE06}.Release|Any CPU.Build.0 = Release|Any CPU
		{265490A5-F0D4-44C0-946E-C217AE6EA346}.Debug|Any CPU.ActiveCfg = Debug|Any CPU
		{265490A5-F0D4-44C0-946E-C217AE6EA346}.Debug|Any CPU.Build.0 = Debug|Any CPU
		{265490A5-F0D4-44C0-946E-C217AE6EA346}.Release|Any CPU.ActiveCfg = Release|Any CPU
		{265490A5-F0D4-44C0-946E-C217AE6EA346}.Release|Any CPU.Build.0 = Release|Any CPU
		{CD246173-C793-48D9-A345-05AA5D5B3C11}.Debug|Any CPU.ActiveCfg = Debug|Any CPU
		{CD246173-C793-48D9-A345-05AA5D5B3C11}.Debug|Any CPU.Build.0 = Debug|Any CPU
		{CD246173-C793-48D9-A345-05AA5D5B3C11}.Release|Any CPU.ActiveCfg = Release|Any CPU
		{CD246173-C793-48D9-A345-05AA5D5B3C11}.Release|Any CPU.Build.0 = Release|Any CPU
		{6F75187C-FDFC-4EE1-AE8B-6901EBA5879C}.Debug|Any CPU.ActiveCfg = Debug|Any CPU
		{6F75187C-FDFC-4EE1-AE8B-6901EBA5879C}.Debug|Any CPU.Build.0 = Debug|Any CPU
		{6F75187C-FDFC-4EE1-AE8B-6901EBA5879C}.Release|Any CPU.ActiveCfg = Release|Any CPU
		{6F75187C-FDFC-4EE1-AE8B-6901EBA5879C}.Release|Any CPU.Build.0 = Release|Any CPU
		{A5859E0E-3C08-4045-B8DC-B3FB13655B00}.Debug|Any CPU.ActiveCfg = Debug|Any CPU
		{A5859E0E-3C08-4045-B8DC-B3FB13655B00}.Debug|Any CPU.Build.0 = Debug|Any CPU
		{A5859E0E-3C08-4045-B8DC-B3FB13655B00}.Release|Any CPU.ActiveCfg = Release|Any CPU
		{A5859E0E-3C08-4045-B8DC-B3FB13655B00}.Release|Any CPU.Build.0 = Release|Any CPU
	EndGlobalSection
	GlobalSection(SolutionProperties) = preSolution
		HideSolutionNode = FALSE
	EndGlobalSection
	GlobalSection(NestedProjects) = preSolution
		{21B1271F-302C-414C-B6A5-9DA703CEB32E} = {A0330BCE-E116-47E5-A20B-703C5B420B9A}
		{9920C500-1C59-4754-8CA6-FBF307F66DEE} = {EA274D65-206D-4189-B447-EF22FD67CBFF}
		{3C7BE79C-E54C-4540-9599-BC3FB09C2B57} = {6B087413-8CE9-4784-A729-F0843763CE30}
		{22BA9A97-2450-4B99-8C33-BB872F91E35A} = {A0330BCE-E116-47E5-A20B-703C5B420B9A}
		{6B30CEAC-9315-40BB-A495-521FD82B5E9C} = {0710E1CA-E39A-40EB-BD42-C8C42745C88E}
		{79989065-6C16-4860-A5E2-FA48AE2EFE06} = {DE23A944-29A8-4A4A-B9EE-7D01F871764D}
		{265490A5-F0D4-44C0-946E-C217AE6EA346} = {DE23A944-29A8-4A4A-B9EE-7D01F871764D}
		{CD246173-C793-48D9-A345-05AA5D5B3C11} = {A0330BCE-E116-47E5-A20B-703C5B420B9A}
		{6F75187C-FDFC-4EE1-AE8B-6901EBA5879C} = {EA274D65-206D-4189-B447-EF22FD67CBFF}
	EndGlobalSection
EndGlobal
